github.com/domainry/domainry-foundation v0.1.1 h1:ziXKXgRhkFrnLYlScbNkqKPOiGYFCvKFAyKpW/2viRM=
github.com/domainry/domainry-foundation v0.1.1/go.mod h1:Gy+KTlqbubYK5bK005y0DBwm04LP8Kpx+n7/P6QGjjY=
github.com/domainry/domainry-orm v0.1.30 h1:5QOtG2qRzV1PhiioS2aKfCoEt9ab3OBucwicHAn/5HQ=
github.com/domainry/domainry-orm v0.1.30/go.mod h1:gB/ooN737tsBYHbeHqCpngEprvdvZKp0Zygtzv+IPJY=
github.com/robfig/cron/v3 v3.0.1 h1:WdRxkvbJztn8LMz/QEvLN5sBU+xKpSqwwUO1Pjr4qDs=
github.com/robfig/cron/v3 v3.0.1/go.mod h1:eQICP3HwyT7UooqI/z+Ov+PtYAWygg1TEWWzGIFLtro=
